
Microsoft Visual Studio Solution File, Format Version 12.00
# Visual Studio Version 17
VisualStudioVersion = 17.10.34916.146
MinimumVisualStudioVersion = 10.0.40219.1
Project("{FAE04EC0-301F-11D3-BF4B-00C04F79EFBC}") = "StudentPortal.web", "StudentPortal.web\StudentPortal.web.csproj", "{81A99B65-4ABF-4912-8C37-29F7F05CCBB3}"
EndProject
Global
	GlobalSection(SolutionConfigurationPlatforms) = preSolution
		Debug|Any CPU = Debug|Any CPU
		Release|Any CPU = Release|Any CPU
	EndGlobalSection
	GlobalSection(ProjectConfigurationPlatforms) = postSolution
		{81A99B65-4ABF-4912-8C37-29F7F05CCBB3}.Debug|Any CPU.ActiveCfg = Debug|Any CPU
		{81A99B65-4ABF-4912-8C37-29F7F05CCBB3}.Debug|Any CPU.Build.0 = Debug|Any CPU
		{81A99B65-4ABF-4912-8C37-29F7F05CCBB3}.Release|Any CPU.ActiveCfg = Release|Any CPU
		{81A99B65-4ABF-4912-8C37-29F7F05CCBB3}.Release|Any CPU.Build.0 = Release|Any CPU
	EndGlobalSection
	GlobalSection(SolutionProperties) = preSolution
		HideSolutionNode = FALSE
	EndGlobalSection
	GlobalSection(ExtensibilityGlobals) = postSolution
		SolutionGuid = {DD504052-49EF-4D17-8F49-0033223D31C3}
	EndGlobalSection
EndGlobal
